
Microsoft Visual Studio Solution File, Format Version 12.00
# Visual Studio 15
VisualStudioVersion = 15.0.28307.1259
MinimumVisualStudioVersion = 10.0.40219.1
Project("{FAE04EC0-301F-11D3-BF4B-00C04F79EFBC}") = "ServerChatApp_062_Annisa Dian Amarta", "ServerChatApp_062_Annisa Dian Amarta\ServerChatApp_062_Annisa Dian Amarta.csproj", "{DCB4CDCB-FE38-445E-AC9E-75A00CF8B6D0}"
EndProject
Global
	GlobalSection(SolutionConfigurationPlatforms) = preSolution
		Debug|Any CPU = Debug|Any CPU
		Release|Any CPU = Release|Any CPU
	EndGlobalSection
	GlobalSection(ProjectConfigurationPlatforms) = postSolution
		{DCB4CDCB-FE38-445E-AC9E-75A00CF8B6D0}.Debug|Any CPU.ActiveCfg = Debug|Any CPU
		{DCB4CDCB-FE38-445E-AC9E-75A00CF8B6D0}.Debug|Any CPU.Build.0 = Debug|Any CPU
		{DCB4CDCB-FE38-445E-AC9E-75A00CF8B6D0}.Release|Any CPU.ActiveCfg = Release|Any CPU
		{DCB4CDCB-FE38-445E-AC9E-75A00CF8B6D0}.Release|Any CPU.Build.0 = Release|Any CPU
	EndGlobalSection
	GlobalSection(SolutionProperties) = preSolution
		HideSolutionNode = FALSE
	EndGlobalSection
	GlobalSection(ExtensibilityGlobals) = postSolution
		SolutionGuid = {95B3E38C-E128-4FD3-A80E-E1E54A29A351}
	EndGlobalSection
EndGlobal
